// !$*UTF8*$!
{
	archiveVersion = 1;
	classes = {
	};
	objectVersion = 55;
	objects = {

/* Begin PBXBuildFile section */
		E51C15C42746908400DAFEF3 /* AppDelegate.swift in Sources */ = {isa = PBXBuildFile; fileRef = E51C15C32746908400DAFEF3 /* AppDelegate.swift */; };
		E51C15C62746908400DAFEF3 /* SceneDelegate.swift in Sources */ = {isa = PBXBuildFile; fileRef = E51C15C52746908400DAFEF3 /* SceneDelegate.swift */; };
		E51C15C82746908400DAFEF3 /* ViewController.swift in Sources */ = {isa = PBXBuildFile; fileRef = E51C15C72746908400DAFEF3 /* ViewController.swift */; };
		E51C15CB2746908400DAFEF3 /* Main.storyboard in Resources */ = {isa = PBXBuildFile; fileRef = E51C15C92746908400DAFEF3 /* Main.storyboard */; };
		E51C15CE2746908400DAFEF3 /* Carfax.xcdatamodeld in Sources */ = {isa = PBXBuildFile; fileRef = E51C15CC2746908400DAFEF3 /* Carfax.xcdatamodeld */; };
		E51C15D02746908800DAFEF3 /* Assets.xcassets in Resources */ = {isa = PBXBuildFile; fileRef = E51C15CF2746908800DAFEF3 /* Assets.xcassets */; };
		E51C15D32746908800DAFEF3 /* LaunchScreen.storyboard in Resources */ = {isa = PBXBuildFile; fileRef = E51C15D12746908800DAFEF3 /* LaunchScreen.storyboard */; };
		E51C15DE2746908800DAFEF3 /* CarfaxTests.swift in Sources */ = {isa = PBXBuildFile; fileRef = E51C15DD2746908800DAFEF3 /* CarfaxTests.swift */; };
		E51C15E82746908800DAFEF3 /* CarfaxUITests.swift in Sources */ = {isa = PBXBuildFile; fileRef = E51C15E72746908800DAFEF3 /* CarfaxUITests.swift */; };
		E51C15EA2746908800DAFEF3 /* CarfaxUITestsLaunchTests.swift in Sources */ = {isa = PBXBuildFile; fileRef = E51C15E92746908800DAFEF3 /* CarfaxUITestsLaunchTests.swift */; };
		E51C15F82746B15600DAFEF3 /* CollectionViewCell.swift in Sources */ = {isa = PBXBuildFile; fileRef = E51C15F62746B15600DAFEF3 /* CollectionViewCell.swift */; };
		E51C15F92746B15600DAFEF3 /* CollectionViewCell.xib in Resources */ = {isa = PBXBuildFile; fileRef = E51C15F72746B15600DAFEF3 /* CollectionViewCell.xib */; };
/* End PBXBuildFile section */

/* Begin PBXContainerItemProxy section */
		E51C15DA2746908800DAFEF3 /* PBXContainerItemProxy */ = {
			isa = PBXContainerItemProxy;
			containerPortal = E51C15B82746908400DAFEF3 /* Project object */;
			proxyType = 1;
			remoteGlobalIDString = E51C15BF2746908400DAFEF3;
			remoteInfo = Carfax;
		};
		E51C15E42746908800DAFEF3 /* PBXContainerItemProxy */ = {
			isa = PBXContainerItemProxy;
			containerPortal = E51C15B82746908400DAFEF3 /* Project object */;
			proxyType = 1;
			remoteGlobalIDString = E51C15BF2746908400DAFEF3;
			remoteInfo = Carfax;
		};
/* End PBXContainerItemProxy section */

/* Begin PBXFileReference section */
		2C63FA02303A753DE2F5FDA5 /* Pods-Carfax.debug.xcconfig */ = {isa = PBXFileReference; includeInIndex = 1; lastKnownFileType = text.xcconfig; name = "Pods-Carfax.debug.xcconfig"; path = "Target Support Files/Pods-Carfax/Pods-Carfax.debug.xcconfig"; sourceTree = "<group>"; };
		318ACADB124D1E7112D9C770 /* Pods-CarfaxTests.debug.xcconfig */ = {isa = PBXFileReference; includeInIndex = 1; lastKnownFileType = text.xcconfig; name = "Pods-CarfaxTests.debug.xcconfig"; path = "Target Support Files/Pods-CarfaxTests/Pods-CarfaxTests.debug.xcconfig"; sourceTree = "<group>"; };
		62F0982F166AFA1999696977 /* Pods-Carfax.release.xcconfig */ = {isa = PBXFileReference; includeInIndex = 1; lastKnownFileType = text.xcconfig; name = "Pods-Carfax.release.xcconfig"; path = "Target Support Files/Pods-Carfax/Pods-Carfax.release.xcconfig"; sourceTree = "<group>"; };
		B3C11D3B92E0856DB3DA4D8A /* Pods-CarfaxTests.release.xcconfig */ = {isa = PBXFileReference; includeInIndex = 1; lastKnownFileType = text.xcconfig; name = "Pods-CarfaxTests.release.xcconfig"; path = "Target Support Files/Pods-CarfaxTests/Pods-CarfaxTests.release.xcconfig"; sourceTree = "<group>"; };
		E51C15C02746908400DAFEF3 /* Carfax.app */ = {isa = PBXFileReference; explicitFileType = wrapper.application; includeInIndex = 0; path = Carfax.app; sourceTree = BUILT_PRODUCTS_DIR; };
		E51C15C32746908400DAFEF3 /* AppDelegate.swift */ = {isa = PBXFileReference; lastKnownFileType = sourcecode.swift; path = AppDelegate.swift; sourceTree = "<group>"; };
		E51C15C52746908400DAFEF3 /* SceneDelegate.swift */ = {isa = PBXFileReference; lastKnownFileType = sourcecode.swift; path = SceneDelegate.swift; sourceTree = "<group>"; };
		E51C15C72746908400DAFEF3 /* ViewController.swift */ = {isa = PBXFileReference; lastKnownFileType = sourcecode.swift; path = ViewController.swift; sourceTree = "<group>"; };
		E51C15CA2746908400DAFEF3 /* Base */ = {isa = PBXFileReference; lastKnownFileType = file.storyboard; name = Base; path = Base.lproj/Main.storyboard; sourceTree = "<group>"; };
		E51C15CD2746908400DAFEF3 /* Carfax.xcdatamodel */ = {isa = PBXFileReference; lastKnownFileType = wrapper.xcdatamodel; path = Carfax.xcdatamodel; sourceTree = "<group>"; };
		E51C15CF2746908800DAFEF3 /* Assets.xcassets */ = {isa = PBXFileReference; lastKnownFileType = folder.assetcatalog; path = Assets.xcassets; sourceTree = "<group>"; };
		E51C15D22746908800DAFEF3 /* Base */ = {isa = PBXFileReference; lastKnownFileType = file.storyboard; name = Base; path = Base.lproj/LaunchScreen.storyboard; sourceTree = "<group>"; };
		E51C15D42746908800DAFEF3 /* Info.plist */ = {isa = PBXFileReference; lastKnownFileType = text.plist.xml; path = Info.plist; sourceTree = "<group>"; };
		E51C15D92746908800DAFEF3 /* CarfaxTests.xctest */ = {isa = PBXFileReference; explicitFileType = wrapper.cfbundle; includeInIndex = 0; path = CarfaxTests.xctest; sourceTree = BUILT_PRODUCTS_DIR; };
		E51C15DD2746908800DAFEF3 /* CarfaxTests.swift */ = {isa = PBXFileReference; lastKnownFileType = sourcecode.swift; path = CarfaxTests.swift; sourceTree = "<group>"; };
		E51C15E32746908800DAFEF3 /* CarfaxUITests.xctest */ = {isa = PBXFileReference; explicitFileType = wrapper.cfbundle; includeInIndex = 0; path = CarfaxUITests.xctest; sourceTree = BUILT_PRODUCTS_DIR; };
		E51C15E72746908800DAFEF3 /* CarfaxUITests.swift */ = {isa = PBXFileReference; lastKnownFileType = sourcecode.swift; path = CarfaxUITests.swift; sourceTree = "<group>"; };
		E51C15E92746908800DAFEF3 /* CarfaxUITestsLaunchTests.swift */ = {isa = PBXFileReference; lastKnownFileType = sourcecode.swift; path = CarfaxUITestsLaunchTests.swift; sourceTree = "<group>"; };
		E51C15F62746B15600DAFEF3 /* CollectionViewCell.swift */ = {isa = PBXFileReference; lastKnownFileType = sourcecode.swift; path = CollectionViewCell.swift; sourceTree = "<group>"; };
		E51C15F72746B15600DAFEF3 /* CollectionViewCell.xib */ = {isa = PBXFileReference; lastKnownFileType = file.xib; path = CollectionViewCell.xib; sourceTree = "<group>"; };
		EF8942BA278C7C90957C4D0A /* Pods-Carfax-CarfaxUITests.debug.xcconfig */ = {isa = PBXFileReference; includeInIndex = 1; lastKnownFileType = text.xcconfig; name = "Pods-Carfax-CarfaxUITests.debug.xcconfig"; path = "Target Support Files/Pods-Carfax-CarfaxUITests/Pods-Carfax-CarfaxUITests.debug.xcconfig"; sourceTree = "<group>"; };
		FD56080D9E122CE56792466A /* Pods-Carfax-CarfaxUITests.release.xcconfig */ = {isa = PBXFileReference; includeInIndex = 1; lastKnownFileType = text.xcconfig; name = "Pods-Carfax-CarfaxUITests.release.xcconfig"; path = "Target Support Files/Pods-Carfax-CarfaxUITests/Pods-Carfax-CarfaxUITests.release.xcconfig"; sourceTree = "<group>"; };
/* End PBXFileReference section */

/* Begin PBXFrameworksBuildPhase section */
		E51C15BD2746908400DAFEF3 /* Frameworks */ = {
			isa = PBXFrameworksBuildPhase;
			buildActionMask = 2147483647;
			files = (
			);
			runOnlyForDeploymentPostprocessing = 0;
		};
		E51C15D62746908800DAFEF3 /* Frameworks */ = {
			isa = PBXFrameworksBuildPhase;
			buildActionMask = 2147483647;
			files = (
			);
			runOnlyForDeploymentPostprocessing = 0;
		};
		E51C15E02746908800DAFEF3 /* Frameworks */ = {
			isa = PBXFrameworksBuildPhase;
			buildActionMask = 2147483647;
			files = (
			);
			runOnlyForDeploymentPostprocessing = 0;
		};
/* End PBXFrameworksBuildPhase section */

/* Begin PBXGroup section */
		1F152C976D8B84086CAD1025 /* Pods */ = {
			isa = PBXGroup;
			children = (
				2C63FA02303A753DE2F5FDA5 /* Pods-Carfax.debug.xcconfig */,
				62F0982F166AFA1999696977 /* Pods-Carfax.release.xcconfig */,
				EF8942BA278C7C90957C4D0A /* Pods-Carfax-CarfaxUITests.debug.xcconfig */,
				FD56080D9E122CE56792466A /* Pods-Carfax-CarfaxUITests.release.xcconfig */,
				318ACADB124D1E7112D9C770 /* Pods-CarfaxTests.debug.xcconfig */,
				B3C11D3B92E0856DB3DA4D8A /* Pods-CarfaxTests.release.xcconfig */,
			);
			path = Pods;
			sourceTree = "<group>";
		};
		E51C15B72746908400DAFEF3 = {
			isa = PBXGroup;
			children = (
				E51C15C22746908400DAFEF3 /* Carfax */,
				E51C15DC2746908800DAFEF3 /* CarfaxTests */,
				E51C15E62746908800DAFEF3 /* CarfaxUITests */,
				E51C15C12746908400DAFEF3 /* Products */,
				1F152C976D8B84086CAD1025 /* Pods */,
			);
			sourceTree = "<group>";
		};
		E51C15C12746908400DAFEF3 /* Products */ = {
			isa = PBXGroup;
			children = (
				E51C15C02746908400DAFEF3 /* Carfax.app */,
				E51C15D92746908800DAFEF3 /* CarfaxTests.xctest */,
				E51C15E32746908800DAFEF3 /* CarfaxUITests.xctest */,
			);
			name = Products;
			sourceTree = "<group>";
		};
		E51C15C22746908400DAFEF3 /* Carfax */ = {
			isa = PBXGroup;
			children = (
				E51C15C32746908400DAFEF3 /* AppDelegate.swift */,
				E51C15C52746908400DAFEF3 /* SceneDelegate.swift */,
				E51C15C72746908400DAFEF3 /* ViewController.swift */,
				E51C15C92746908400DAFEF3 /* Main.storyboard */,
				E51C15F62746B15600DAFEF3 /* CollectionViewCell.swift */,
				E51C15F72746B15600DAFEF3 /* CollectionViewCell.xib */,
				E51C15CF2746908800DAFEF3 /* Assets.xcassets */,
				E51C15D12746908800DAFEF3 /* LaunchScreen.storyboard */,
				E51C15D42746908800DAFEF3 /* Info.plist */,
				E51C15CC2746908400DAFEF3 /* Carfax.xcdatamodeld */,
			);
			path = Carfax;
			sourceTree = "<group>";
		};
		E51C15DC2746908800DAFEF3 /* CarfaxTests */ = {
			isa = PBXGroup;
			children = (
				E51C15DD2746908800DAFEF3 /* CarfaxTests.swift */,
			);
			path = CarfaxTests;
			sourceTree = "<group>";
		};
		E51C15E62746908800DAFEF3 /* CarfaxUITests */ = {
			isa = PBXGroup;
			children = (
				E51C15E72746908800DAFEF3 /* CarfaxUITests.swift */,
				E51C15E92746908800DAFEF3 /* CarfaxUITestsLaunchTests.swift */,
			);
			path = CarfaxUITests;
			sourceTree = "<group>";
		};
/* End PBXGroup section */

/* Begin PBXNativeTarget section */
		E51C15BF2746908400DAFEF3 /* Carfax */ = {
			isa = PBXNativeTarget;
			buildConfigurationList = E51C15ED2746908800DAFEF3 /* Build configuration list for PBXNativeTarget "Carfax" */;
			buildPhases = (
				A8B6E7DD204084F0A26777EF /* [CP] Check Pods Manifest.lock */,
				E51C15BC2746908400DAFEF3 /* Sources */,
				E51C15BD2746908400DAFEF3 /* Frameworks */,
				E51C15BE2746908400DAFEF3 /* Resources */,
			);
			buildRules = (
			);
			dependencies = (
			);
			name = Carfax;
			productName = Carfax;
			productReference = E51C15C02746908400DAFEF3 /* Carfax.app */;
			productType = "com.apple.product-type.application";
		};
		E51C15D82746908800DAFEF3 /* CarfaxTests */ = {
			isa = PBXNativeTarget;
			buildConfigurationList = E51C15F02746908800DAFEF3 /* Build configuration list for PBXNativeTarget "CarfaxTests" */;
			buildPhases = (
				24CCE1AAC92C87E32162AD38 /* [CP] Check Pods Manifest.lock */,
				E51C15D52746908800DAFEF3 /* Sources */,
				E51C15D62746908800DAFEF3 /* Frameworks */,
				E51C15D72746908800DAFEF3 /* Resources */,
			);
			buildRules = (
			);
			dependencies = (
				E51C15DB2746908800DAFEF3 /* PBXTargetDependency */,
			);
			name = CarfaxTests;
			productName = CarfaxTests;
			productReference = E51C15D92746908800DAFEF3 /* CarfaxTests.xctest */;
			productType = "com.apple.product-type.bundle.unit-test";
		};
		E51C15E22746908800DAFEF3 /* CarfaxUITests */ = {
			isa = PBXNativeTarget;
			buildConfigurationList = E51C15F32746908800DAFEF3 /* Build configuration list for PBXNativeTarget "CarfaxUITests" */;
			buildPhases = (
				83D13977D2A5E21DDED072A2 /* [CP] Check Pods Manifest.lock */,
				E51C15DF2746908800DAFEF3 /* Sources */,
				E51C15E02746908800DAFEF3 /* Frameworks */,
				E51C15E12746908800DAFEF3 /* Resources */,
			);
			buildRules = (
			);
			dependencies = (
				E51C15E52746908800DAFEF3 /* PBXTargetDependency */,
			);
			name = CarfaxUITests;
			productName = CarfaxUITests;
			productReference = E51C15E32746908800DAFEF3 /* CarfaxUITests.xctest */;
			productType = "com.apple.product-type.bundle.ui-testing";
		};
/* End PBXNativeTarget section */

/* Begin PBXProject section */
		E51C15B82746908400DAFEF3 /* Project object */ = {
			isa = PBXProject;
			attributes = {
				BuildIndependentTargetsInParallel = 1;
				LastSwiftUpdateCheck = 1310;
				LastUpgradeCheck = 1310;
				TargetAttributes = {
					E51C15BF2746908400DAFEF3 = {
						CreatedOnToolsVersion = 13.1;
					};
					E51C15D82746908800DAFEF3 = {
						CreatedOnToolsVersion = 13.1;
						TestTargetID = E51C15BF2746908400DAFEF3;
					};
					E51C15E22746908800DAFEF3 = {
						CreatedOnToolsVersion = 13.1;
						TestTargetID = E51C15BF2746908400DAFEF3;
					};
				};
			};
			buildConfigurationList = E51C15BB2746908400DAFEF3 /* Build configuration list for PBXProject "Carfax" */;
			compatibilityVersion = "Xcode 13.0";
			developmentRegion = en;
			hasScannedForEncodings = 0;
			knownRegions = (
				en,
				Base,
			);
			mainGroup = E51C15B72746908400DAFEF3;
			productRefGroup = E51C15C12746908400DAFEF3 /* Products */;
			projectDirPath = "";
			projectRoot = "";
			targets = (
				E51C15BF2746908400DAFEF3 /* Carfax */,
				E51C15D82746908800DAFEF3 /* CarfaxTests */,
				E51C15E22746908800DAFEF3 /* CarfaxUITests */,
			);
		};
/* End PBXProject section */

/* Begin PBXResourcesBuildPhase section */
		E51C15BE2746908400DAFEF3 /* Resources */ = {
			isa = PBXResourcesBuildPhase;
			buildActionMask = 2147483647;
			files = (
				E51C15D32746908800DAFEF3 /* LaunchScreen.storyboard in Resources */,
				E51C15D02746908800DAFEF3 /* Assets.xcassets in Resources */,
				E51C15F92746B15600DAFEF3 /* CollectionViewCell.xib in Resources */,
				E51C15CB2746908400DAFEF3 /* Main.storyboard in Resources */,
			);
			runOnlyForDeploymentPostprocessing = 0;
		};
		E51C15D72746908800DAFEF3 /* Resources */ = {
			isa = PBXResourcesBuildPhase;
			buildActionMask = 2147483647;
			files = (
			);
			runOnlyForDeploymentPostprocessing = 0;
		};
		E51C15E12746908800DAFEF3 /* Resources */ = {
			isa = PBXResourcesBuildPhase;
			buildActionMask = 2147483647;
			files = (
			);
			runOnlyForDeploymentPostprocessing = 0;
		};
/* End PBXResourcesBuildPhase section */

/* Begin PBXShellScriptBuildPhase section */
		24CCE1AAC92C87E32162AD38 /* [CP] Check Pods Manifest.lock */ = {
			isa = PBXShellScriptBuildPhase;
			buildActionMask = 2147483647;
			files = (
			);
			inputFileListPaths = (
			);
			inputPaths = (
				"${PODS_PODFILE_DIR_PATH}/Podfile.lock",
				"${PODS_ROOT}/Manifest.lock",
			);
			name = "[CP] Check Pods Manifest.lock";
			outputFileListPaths = (
			);
			outputPaths = (
				"$(DERIVED_FILE_DIR)/Pods-CarfaxTests-checkManifestLockResult.txt",
			);
			runOnlyForDeploymentPostprocessing = 0;
			shellPath = /bin/sh;
			shellScript = "diff \"${PODS_PODFILE_DIR_PATH}/Podfile.lock\" \"${PODS_ROOT}/Manifest.lock\" > /dev/null\nif [ $? != 0 ] ; then\n    # print error to STDERR\n    echo \"error: The sandbox is not in sync with the Podfile.lock. Run 'pod install' or update your CocoaPods installation.\" >&2\n    exit 1\nfi\n# This output is used by Xcode 'outputs' to avoid re-running this script phase.\necho \"SUCCESS\" > \"${SCRIPT_OUTPUT_FILE_0}\"\n";
			showEnvVarsInLog = 0;
		};
		83D13977D2A5E21DDED072A2 /* [CP] Check Pods Manifest.lock */ = {
			isa = PBXShellScriptBuildPhase;
			buildActionMask = 2147483647;
			files = (
			);
			inputFileListPaths = (
			);
			inputPaths = (
				"${PODS_PODFILE_DIR_PATH}/Podfile.lock",
				"${PODS_ROOT}/Manifest.lock",
			);
			name = "[CP] Check Pods Manifest.lock";
			outputFileListPaths = (
			);
			outputPaths = (
				"$(DERIVED_FILE_DIR)/Pods-Carfax-CarfaxUITests-checkManifestLockResult.txt",
			);
			runOnlyForDeploymentPostprocessing = 0;
			shellPath = /bin/sh;
			shellScript = "diff \"${PODS_PODFILE_DIR_PATH}/Podfile.lock\" \"${PODS_ROOT}/Manifest.lock\" > /dev/null\nif [ $? != 0 ] ; then\n    # print error to STDERR\n    echo \"error: The sandbox is not in sync with the Podfile.lock. Run 'pod install' or update your CocoaPods installation.\" >&2\n    exit 1\nfi\n# This output is used by Xcode 'outputs' to avoid re-running this script phase.\necho \"SUCCESS\" > \"${SCRIPT_OUTPUT_FILE_0}\"\n";
			showEnvVarsInLog = 0;
		};
		A8B6E7DD204084F0A26777EF /* [CP] Check Pods Manifest.lock */ = {
			isa = PBXShellScriptBuildPhase;
			buildActionMask = 2147483647;
			files = (
			);
			inputFileListPaths = (
			);
			inputPaths = (
				"${PODS_PODFILE_DIR_PATH}/Podfile.lock",
				"${PODS_ROOT}/Manifest.lock",
			);
			name = "[CP] Check Pods Manifest.lock";
			outputFileListPaths = (
			);
			outputPaths = (
				"$(DERIVED_FILE_DIR)/Pods-Carfax-checkManifestLockResult.txt",
			);
			runOnlyForDeploymentPostprocessing = 0;
			shellPath = /bin/sh;
			shellScript = "diff \"${PODS_PODFILE_DIR_PATH}/Podfile.lock\" \"${PODS_ROOT}/Manifest.lock\" > /dev/null\nif [ $? != 0 ] ; then\n    # print error to STDERR\n    echo \"error: The sandbox is not in sync with the Podfile.lock. Run 'pod install' or update your CocoaPods installation.\" >&2\n    exit 1\nfi\n# This output is used by Xcode 'outputs' to avoid re-running this script phase.\necho \"SUCCESS\" > \"${SCRIPT_OUTPUT_FILE_0}\"\n";
			showEnvVarsInLog = 0;
		};
/* End PBXShellScriptBuildPhase section */

/* Begin PBXSourcesBuildPhase section */
		E51C15BC2746908400DAFEF3 /* Sources */ = {
			isa = PBXSourcesBuildPhase;
			buildActionMask = 2147483647;
			files = (
				E51C15F82746B15600DAFEF3 /* CollectionViewCell.swift in Sources */,
				E51C15CE2746908400DAFEF3 /* Carfax.xcdatamodeld in Sources */,
				E51C15C82746908400DAFEF3 /* ViewController.swift in Sources */,
				E51C15C42746908400DAFEF3 /* AppDelegate.swift in Sources */,
				E51C15C62746908400DAFEF3 /* SceneDelegate.swift in Sources */,
			);
			runOnlyForDeploymentPostprocessing = 0;
		};
		E51C15D52746908800DAFEF3 /* Sources */ = {
			isa = PBXSourcesBuildPhase;
			buildActionMask = 2147483647;
			files = (
				E51C15DE2746908800DAFEF3 /* CarfaxTests.swift in Sources */,
			);
			runOnlyForDeploymentPostprocessing = 0;
		};
		E51C15DF2746908800DAFEF3 /* Sources */ = {
			isa = PBXSourcesBuildPhase;
			buildActionMask = 2147483647;
			files = (
				E51C15E82746908800DAFEF3 /* CarfaxUITests.swift in Sources */,
				E51C15EA2746908800DAFEF3 /* CarfaxUITestsLaunchTests.swift in Sources */,
			);
			runOnlyForDeploymentPostprocessing = 0;
		};
/* End PBXSourcesBuildPhase section */

/* Begin PBXTargetDependency section */
		E51C15DB2746908800DAFEF3 /* PBXTargetDependency */ = {
			isa = PBXTargetDependency;
			target = E51C15BF2746908400DAFEF3 /* Carfax */;
			targetProxy = E51C15DA2746908800DAFEF3 /* PBXContainerItemProxy */;
		};
		E51C15E52746908800DAFEF3 /* PBXTargetDependency */ = {
			isa = PBXTargetDependency;
			target = E51C15BF2746908400DAFEF3 /* Carfax */;
			targetProxy = E51C15E42746908800DAFEF3 /* PBXContainerItemProxy */;
		};
/* End PBXTargetDependency section */

/* Begin PBXVariantGroup section */
		E51C15C92746908400DAFEF3 /* Main.storyboard */ = {
			isa = PBXVariantGroup;
			children = (
				E51C15CA2746908400DAFEF3 /* Base */,
			);
			name = Main.storyboard;
			sourceTree = "<group>";
		};
		E51C15D12746908800DAFEF3 /* LaunchScreen.storyboard */ = {
			isa = PBXVariantGroup;
			children = (
				E51C15D22746908800DAFEF3 /* Base */,
			);
			name = LaunchScreen.storyboard;
			sourceTree = "<group>";
		};
/* End PBXVariantGroup section */

/* Begin XCBuildConfiguration section */
		E51C15EB2746908800DAFEF3 /* Debug */ = {
			isa = XCBuildConfiguration;
			buildSettings = {
				ALWAYS_SEARCH_USER_PATHS = NO;
				CLANG_ANALYZER_NONNULL = YES;
				CLANG_ANALYZER_NUMBER_OBJECT_CONVERSION = YES_AGGRESSIVE;
				CLANG_CXX_LANGUAGE_STANDARD = "gnu++17";
				CLANG_CXX_LIBRARY = "libc++";
				CLANG_ENABLE_MODULES = YES;
				CLANG_ENABLE_OBJC_ARC = YES;
				CLANG_ENABLE_OBJC_WEAK = YES;
				CLANG_WARN_BLOCK_CAPTURE_AUTORELEASING = YES;
				CLANG_WARN_BOOL_CONVERSION = YES;
				CLANG_WARN_COMMA = YES;
				CLANG_WARN_CONSTANT_CONVERSION = YES;
				CLANG_WARN_DEPRECATED_OBJC_IMPLEMENTATIONS = YES;
				CLANG_WARN_DIRECT_OBJC_ISA_USAGE = YES_ERROR;
				CLANG_WARN_DOCUMENTATION_COMMENTS = YES;
				CLANG_WARN_EMPTY_BODY = YES;
				CLANG_WARN_ENUM_CONVERSION = YES;
				CLANG_WARN_INFINITE_RECURSION = YES;
				CLANG_WARN_INT_CONVERSION = YES;
				CLANG_WARN_NON_LITERAL_NULL_CONVERSION = YES;
				CLANG_WARN_OBJC_IMPLICIT_RETAIN_SELF = YES;
				CLANG_WARN_OBJC_LITERAL_CONVERSION = YES;
				CLANG_WARN_OBJC_ROOT_CLASS = YES_ERROR;
				CLANG_WARN_QUOTED_INCLUDE_IN_FRAMEWORK_HEADER = YES;
				CLANG_WARN_RANGE_LOOP_ANALYSIS = YES;
				CLANG_WARN_STRICT_PROTOTYPES = YES;
				CLANG_WARN_SUSPICIOUS_MOVE = YES;
				CLANG_WARN_UNGUARDED_AVAILABILITY = YES_AGGRESSIVE;
				CLANG_WARN_UNREACHABLE_CODE = YES;
				CLANG_WARN__DUPLICATE_METHOD_MATCH = YES;
				COPY_PHASE_STRIP = NO;
				DEBUG_INFORMATION_FORMAT = dwarf;
				ENABLE_STRICT_OBJC_MSGSEND = YES;
				ENABLE_TESTABILITY = YES;
				GCC_C_LANGUAGE_STANDARD = gnu11;
				GCC_DYNAMIC_NO_PIC = NO;
				GCC_NO_COMMON_BLOCKS = YES;
				GCC_OPTIMIZATION_LEVEL = 0;
				GCC_PREPROCESSOR_DEFINITIONS = (
					"DEBUG=1",
					"$(inherited)",
				);
				GCC_WARN_64_TO_32_BIT_CONVERSION = YES;
				GCC_WARN_ABOUT_RETURN_TYPE = YES_ERROR;
				GCC_WARN_UNDECLARED_SELECTOR = YES;
				GCC_WARN_UNINITIALIZED_AUTOS = YES_AGGRESSIVE;
				GCC_WARN_UNUSED_FUNCTION = YES;
				GCC_WARN_UNUSED_VARIABLE = YES;
				IPHONEOS_DEPLOYMENT_TARGET = 15.0;
				MTL_ENABLE_DEBUG_INFO = INCLUDE_SOURCE;
				MTL_FAST_MATH = YES;
				ONLY_ACTIVE_ARCH = YES;
				SDKROOT = iphoneos;
				SWIFT_ACTIVE_COMPILATION_CONDITIONS = DEBUG;
				SWIFT_OPTIMIZATION_LEVEL = "-Onone";
			};
			name = Debug;
		};
		E51C15EC2746908800DAFEF3 /* Release */ = {
			isa = XCBuildConfiguration;
			buildSettings = {
				ALWAYS_SEARCH_USER_PATHS = NO;
				CLANG_ANALYZER_NONNULL = YES;
				CLANG_ANALYZER_NUMBER_OBJECT_CONVERSION = YES_AGGRESSIVE;
				CLANG_CXX_LANGUAGE_STANDARD = "gnu++17";
				CLANG_CXX_LIBRARY = "libc++";
				CLANG_ENABLE_MODULES = YES;
				CLANG_ENABLE_OBJC_ARC = YES;
				CLANG_ENABLE_OBJC_WEAK = YES;
				CLANG_WARN_BLOCK_CAPTURE_AUTORELEASING = YES;
				CLANG_WARN_BOOL_CONVERSION = YES;
				CLANG_WARN_COMMA = YES;
				CLANG_WARN_CONSTANT_CONVERSION = YES;
				CLANG_WARN_DEPRECATED_OBJC_IMPLEMENTATIONS = YES;
				CLANG_WARN_DIRECT_OBJC_ISA_USAGE = YES_ERROR;
				CLANG_WARN_DOCUMENTATION_COMMENTS = YES;
				CLANG_WARN_EMPTY_BODY = YES;
				CLANG_WARN_ENUM_CONVERSION = YES;
				CLANG_WARN_INFINITE_RECURSION = YES;
				CLANG_WARN_INT_CONVERSION = YES;
				CLANG_WARN_NON_LITERAL_NULL_CONVERSION = YES;
				CLANG_WARN_OBJC_IMPLICIT_RETAIN_SELF = YES;
				CLANG_WARN_OBJC_LITERAL_CONVERSION = YES;
				CLANG_WARN_OBJC_ROOT_CLASS = YES_ERROR;
				CLANG_WARN_QUOTED_INCLUDE_IN_FRAMEWORK_HEADER = YES;
				CLANG_WARN_RANGE_LOOP_ANALYSIS = YES;
				CLANG_WARN_STRICT_PROTOTYPES = YES;
				CLANG_WARN_SUSPICIOUS_MOVE = YES;
				CLANG_WARN_UNGUARDED_AVAILABILITY = YES_AGGRESSIVE;
				CLANG_WARN_UNREACHABLE_CODE = YES;
				CLANG_WARN__DUPLICATE_METHOD_MATCH = YES;
				COPY_PHASE_STRIP = NO;
				DEBUG_INFORMATION_FORMAT = "dwarf-with-dsym";
				ENABLE_NS_ASSERTIONS = NO;
				ENABLE_STRICT_OBJC_MSGSEND = YES;
				GCC_C_LANGUAGE_STANDARD = gnu11;
				GCC_NO_COMMON_BLOCKS = YES;
				GCC_WARN_64_TO_32_BIT_CONVERSION = YES;
				GCC_WARN_ABOUT_RETURN_TYPE = YES_ERROR;
				GCC_WARN_UNDECLARED_SELECTOR = YES;
				GCC_WARN_UNINITIALIZED_AUTOS = YES_AGGRESSIVE;
				GCC_WARN_UNUSED_FUNCTION = YES;
				GCC_WARN_UNUSED_VARIABLE = YES;
				IPHONEOS_DEPLOYMENT_TARGET = 15.0;
				MTL_ENABLE_DEBUG_INFO = NO;
				MTL_FAST_MATH = YES;
				SDKROOT = iphoneos;
				SWIFT_COMPILATION_MODE = wholemodule;
				SWIFT_OPTIMIZATION_LEVEL = "-O";
				VALIDATE_PRODUCT = YES;
			};
			name = Release;
		};
		E51C15EE2746908800DAFEF3 /* Debug */ = {
			isa = XCBuildConfiguration;
			baseConfigurationReference = 2C63FA02303A753DE2F5FDA5 /* Pods-Carfax.debug.xcconfig */;
			buildSettings = {
				ASSETCATALOG_COMPILER_APPICON_NAME = AppIcon;
				ASSETCATALOG_COMPILER_GLOBAL_ACCENT_COLOR_NAME = AccentColor;
				CODE_SIGN_STYLE = Automatic;
				CURRENT_PROJECT_VERSION = 1;
				DEVELOPMENT_TEAM = BJLPX39GZ5;
				EXCLUDED_ARCHS = "";
				GENERATE_INFOPLIST_FILE = YES;
				INFOPLIST_FILE = Carfax/Info.plist;
				INFOPLIST_KEY_UIApplicationSupportsIndirectInputEvents = YES;
				INFOPLIST_KEY_UILaunchStoryboardName = LaunchScreen;
				INFOPLIST_KEY_UIMainStoryboardFile = Main;
				INFOPLIST_KEY_UISupportedInterfaceOrientations_iPad = "UIInterfaceOrientationPortrait UIInterfaceOrientationPortraitUpsideDown UIInterfaceOrientationLandscapeLeft UIInterfaceOrientationLandscapeRight";
				INFOPLIST_KEY_UISupportedInterfaceOrientations_iPhone = "UIInterfaceOrientationPortrait UIInterfaceOrientationLandscapeLeft UIInterfaceOrientationLandscapeRight";
				LD_RUNPATH_SEARCH_PATHS = (
					"$(inherited)",
					"@executable_path/Frameworks",
				);
				MARKETING_VERSION = 1.0;
				PRODUCT_BUNDLE_IDENTIFIER = com.dhrumildesai.Carfax;
				PRODUCT_NAME = "$(TARGET_NAME)";
				SWIFT_EMIT_LOC_STRINGS = YES;
				SWIFT_VERSION = 5.0;
				TARGETED_DEVICE_FAMILY = "1,2";
			};
			name = Debug;
		};
		E51C15EF2746908800DAFEF3 /* Release */ = {
			isa = XCBuildConfiguration;
			baseConfigurationReference = 62F0982F166AFA1999696977 /* Pods-Carfax.release.xcconfig */;
			buildSettings = {
				ASSETCATALOG_COMPILER_APPICON_NAME = AppIcon;
				ASSETCATALOG_COMPILER_GLOBAL_ACCENT_COLOR_NAME = AccentColor;
				CODE_SIGN_STYLE = Automatic;
				CURRENT_PROJECT_VERSION = 1;
				DEVELOPMENT_TEAM = BJLPX39GZ5;
				GENERATE_INFOPLIST_FILE = YES;
				INFOPLIST_FILE = Carfax/Info.plist;
				INFOPLIST_KEY_UIApplicationSupportsIndirectInputEvents = YES;
				INFOPLIST_KEY_UILaunchStoryboardName = LaunchScreen;
				INFOPLIST_KEY_UIMainStoryboardFile = Main;
				INFOPLIST_KEY_UISupportedInterfaceOrientations_iPad = "UIInterfaceOrientationPortrait UIInterfaceOrientationPortraitUpsideDown UIInterfaceOrientationLandscapeLeft UIInterfaceOrientationLandscapeRight";
				INFOPLIST_KEY_UISupportedInterfaceOrientations_iPhone = "UIInterfaceOrientationPortrait UIInterfaceOrientationLandscapeLeft UIInterfaceOrientationLandscapeRight";
				LD_RUNPATH_SEARCH_PATHS = (
					"$(inherited)",
					"@executable_path/Frameworks",
				);
				MARKETING_VERSION = 1.0;
				PRODUCT_BUNDLE_IDENTIFIER = com.dhrumildesai.Carfax;
				PRODUCT_NAME = "$(TARGET_NAME)";
				SWIFT_EMIT_LOC_STRINGS = YES;
				SWIFT_VERSION = 5.0;
				TARGETED_DEVICE_FAMILY = "1,2";
			};
			name = Release;
		};
		E51C15F12746908800DAFEF3 /* Debug */ = {
			isa = XCBuildConfiguration;
			baseConfigurationReference = 318ACADB124D1E7112D9C770 /* Pods-CarfaxTests.debug.xcconfig */;
			buildSettings = {
				ALWAYS_EMBED_SWIFT_STANDARD_LIBRARIES = YES;
				BUNDLE_LOADER = "$(TEST_HOST)";
				CODE_SIGN_STYLE = Automatic;
				CURRENT_PROJECT_VERSION = 1;
				GENERATE_INFOPLIST_FILE = YES;
				IPHONEOS_DEPLOYMENT_TARGET = 15.0;
				LD_RUNPATH_SEARCH_PATHS = (
					"$(inherited)",
					"@executable_path/Frameworks",
					"@loader_path/Frameworks",
				);
				MARKETING_VERSION = 1.0;
				PRODUCT_BUNDLE_IDENTIFIER = com.dhrumildesai.CarfaxTests;
				PRODUCT_NAME = "$(TARGET_NAME)";
				SWIFT_EMIT_LOC_STRINGS = NO;
				SWIFT_VERSION = 5.0;
				TARGETED_DEVICE_FAMILY = "1,2";
				TEST_HOST = "$(BUILT_PRODUCTS_DIR)/Carfax.app/Carfax";
			};
			name = Debug;
		};
		E51C15F22746908800DAFEF3 /* Release */ = {
			isa = XCBuildConfiguration;
			baseConfigurationReference = B3C11D3B92E0856DB3DA4D8A /* Pods-CarfaxTests.release.xcconfig */;
			buildSettings = {
				ALWAYS_EMBED_SWIFT_STANDARD_LIBRARIES = YES;
				BUNDLE_LOADER = "$(TEST_HOST)";
				CODE_SIGN_STYLE = Automatic;
				CURRENT_PROJECT_VERSION = 1;
				GENERATE_INFOPLIST_FILE = YES;
				IPHONEOS_DEPLOYMENT_TARGET = 15.0;
				LD_RUNPATH_SEARCH_PATHS = (
					"$(inherited)",
					"@executable_path/Frameworks",
					"@loader_path/Frameworks",
				);
				MARKETING_VERSION = 1.0;
				PRODUCT_BUNDLE_IDENTIFIER = com.dhrumildesai.CarfaxTests;
				PRODUCT_NAME = "$(TARGET_NAME)";
				SWIFT_EMIT_LOC_STRINGS = NO;
				SWIFT_VERSION = 5.0;
				TARGETED_DEVICE_FAMILY = "1,2";
				TEST_HOST = "$(BUILT_PRODUCTS_DIR)/Carfax.app/Carfax";
			};
			name = Release;
		};
		E51C15F42746908800DAFEF3 /* Debug */ = {
			isa = XCBuildConfiguration;
			baseConfigurationReference = EF8942BA278C7C90957C4D0A /* Pods-Carfax-CarfaxUITests.debug.xcconfig */;
			buildSettings = {
				ALWAYS_EMBED_SWIFT_STANDARD_LIBRARIES = YES;
				CODE_SIGN_STYLE = Automatic;
				CURRENT_PROJECT_VERSION = 1;
				GENERATE_INFOPLIST_FILE = YES;
				LD_RUNPATH_SEARCH_PATHS = (
					"$(inherited)",
					"@executable_path/Frameworks",
					"@loader_path/Frameworks",
				);
				MARKETING_VERSION = 1.0;
				PRODUCT_BUNDLE_IDENTIFIER = com.dhrumildesai.CarfaxUITests;
				PRODUCT_NAME = "$(TARGET_NAME)";
				SWIFT_EMIT_LOC_STRINGS = NO;
				SWIFT_VERSION = 5.0;
				TARGETED_DEVICE_FAMILY = "1,2";
				TEST_TARGET_NAME = Carfax;
			};
			name = Debug;
		};
		E51C15F52746908800DAFEF3 /* Release */ = {
			isa = XCBuildConfiguration;
			baseConfigurationReference = FD56080D9E122CE56792466A /* Pods-Carfax-CarfaxUITests.release.xcconfig */;
			buildSettings = {
				ALWAYS_EMBED_SWIFT_STANDARD_LIBRARIES = YES;
				CODE_SIGN_STYLE = Automatic;
				CURRENT_PROJECT_VERSION = 1;
				GENERATE_INFOPLIST_FILE = YES;
				LD_RUNPATH_SEARCH_PATHS = (
					"$(inherited)",
					"@executable_path/Frameworks",
					"@loader_path/Frameworks",
				);
				MARKETING_VERSION = 1.0;
				PRODUCT_BUNDLE_IDENTIFIER = com.dhrumildesai.CarfaxUITests;
				PRODUCT_NAME = "$(TARGET_NAME)";
				SWIFT_EMIT_LOC_STRINGS = NO;
				SWIFT_VERSION = 5.0;
				TARGETED_DEVICE_FAMILY = "1,2";
				TEST_TARGET_NAME = Carfax;
			};
			name = Release;
		};
/* End XCBuildConfiguration section */

/* Begin XCConfigurationList section */
		E51C15BB2746908400DAFEF3 /* Build configuration list for PBXProject "Carfax" */ = {
			isa = XCConfigurationList;
			buildConfigurations = (
				E51C15EB2746908800DAFEF3 /* Debug */,
				E51C15EC2746908800DAFEF3 /* Release */,
			);
			defaultConfigurationIsVisible = 0;
			defaultConfigurationName = Release;
		};
		E51C15ED2746908800DAFEF3 /* Build configuration list for PBXNativeTarget "Carfax" */ = {
			isa = XCConfigurationList;
			buildConfigurations = (
				E51C15EE2746908800DAFEF3 /* Debug */,
				E51C15EF2746908800DAFEF3 /* Release */,
			);
			defaultConfigurationIsVisible = 0;
			defaultConfigurationName = Release;
		};
		E51C15F02746908800DAFEF3 /* Build configuration list for PBXNativeTarget "CarfaxTests" */ = {
			isa = XCConfigurationList;
			buildConfigurations = (
				E51C15F12746908800DAFEF3 /* Debug */,
				E51C15F22746908800DAFEF3 /* Release */,
			);
			defaultConfigurationIsVisible = 0;
			defaultConfigurationName = Release;
		};
		E51C15F32746908800DAFEF3 /* Build configuration list for PBXNativeTarget "CarfaxUITests" */ = {
			isa = XCConfigurationList;
			buildConfigurations = (
				E51C15F42746908800DAFEF3 /* Debug */,
				E51C15F52746908800DAFEF3 /* Release */,
			);
			defaultConfigurationIsVisible = 0;
			defaultConfigurationName = Release;
		};
/* End XCConfigurationList section */

/* Begin XCVersionGroup section */
		E51C15CC2746908400DAFEF3 /* Carfax.xcdatamodeld */ = {
			isa = XCVersionGroup;
			children = (
				E51C15CD2746908400DAFEF3 /* Carfax.xcdatamodel */,
			);
			currentVersion = E51C15CD2746908400DAFEF3 /* Carfax.xcdatamodel */;
			path = Carfax.xcdatamodeld;
			sourceTree = "<group>";
			versionGroupType = wrapper.xcdatamodel;
		};
/* End XCVersionGroup section */
	};
	rootObject = E51C15B82746908400DAFEF3 /* Project object */;
}
